
Microsoft Visual Studio Solution File, Format Version 12.00
# Visual Studio Version 16
VisualStudioVersion = 16.0.31129.286
MinimumVisualStudioVersion = 10.0.40219.1
Project("{8BC9CEB8-8B4A-11D0-8D11-00A0C91BC942}") = "blu-api-cpp", "blu-api-cpp.vcxproj", "{B7B81343-5537-48D4-AA50-561D1BCFC620}"
EndProject
Global
	GlobalSection(SolutionConfigurationPlatforms) = preSolution
		Debug|x64 = Debug|x64
		Debug|x86 = Debug|x86
		Release|x64 = Release|x64
		Release|x86 = Release|x86
	EndGlobalSection
	GlobalSection(ProjectConfigurationPlatforms) = postSolution
		{B7B81343-5537-48D4-AA50-561D1BCFC620}.Debug|x64.ActiveCfg = Debug|x64
		{B7B81343-5537-48D4-AA50-561D1BCFC620}.Debug|x64.Build.0 = Debug|x64
		{B7B81343-5537-48D4-AA50-561D1BCFC620}.Debug|x86.ActiveCfg = Debug|Win32
		{B7B81343-5537-48D4-AA50-561D1BCFC620}.Debug|x86.Build.0 = Debug|Win32
		{B7B81343-5537-48D4-AA50-561D1BCFC620}.Release|x64.ActiveCfg = Release|x64
		{B7B81343-5537-48D4-AA50-561D1BCFC620}.Release|x64.Build.0 = Release|x64
		{B7B81343-5537-48D4-AA50-561D1BCFC620}.Release|x86.ActiveCfg = Release|Win32
		{B7B81343-5537-48D4-AA50-561D1BCFC620}.Release|x86.Build.0 = Release|Win32
	EndGlobalSection
	GlobalSection(SolutionProperties) = preSolution
		HideSolutionNode = FALSE
	EndGlobalSection
	GlobalSection(ExtensibilityGlobals) = postSolution
		SolutionGuid = {3D255F91-C2C6-41A0-BBFD-2BC1708F7D6A}
	EndGlobalSection
EndGlobal
